
Microsoft Visual Studio Solution File, Format Version 10.00
# Visual C++ Express 2008
Project("{8BC9CEB8-8B4A-11D0-8D11-00A0C91BC942}") = "libfguid", "libfguid\libfguid.vcproj", "{DAC2216D-15FB-44C7-B93C-2116E3D86A5D}"
	ProjectSection(ProjectDependencies) = postProject
		{38BAE173-27CE-4015-8089-850578B5BEE7} = {38BAE173-27CE-4015-8089-850578B5BEE7}
		{6390A14C-1ECA-448E-9111-4FDD994A1D97} = {6390A14C-1ECA-448E-9111-4FDD994A1D97}
	EndProjectSection
EndProject
Project("{8BC9CEB8-8B4A-11D0-8D11-00A0C91BC942}") = "fplist_test_error", "fplist_test_error\fplist_test_error.vcproj", "{32B7E047-7757-4268-9E40-C40F7DE1078C}"
	ProjectSection(ProjectDependencies) = postProject
		{87905E2F-9EFA-457B-8582-D2A90EB75B94} = {87905E2F-9EFA-457B-8582-D2A90EB75B94}
		{38BAE173-27CE-4015-8089-850578B5BEE7} = {38BAE173-27CE-4015-8089-850578B5BEE7}
	EndProjectSection
EndProject
Project("{8BC9CEB8-8B4A-11D0-8D11-00A0C91BC942}") = "fplist_test_key", "fplist_test_key\fplist_test_key.vcproj", "{F84C54BB-6C6A-4020-B1C6-548B37CB74B3}"
	ProjectSection(ProjectDependencies) = postProject
		{87905E2F-9EFA-457B-8582-D2A90EB75B94} = {87905E2F-9EFA-457B-8582-D2A90EB75B94}
		{6390A14C-1ECA-448E-9111-4FDD994A1D97} = {6390A14C-1ECA-448E-9111-4FDD994A1D97}
		{38BAE173-27CE-4015-8089-850578B5BEE7} = {38BAE173-27CE-4015-8089-850578B5BEE7}
	EndProjectSection
EndProject
Project("{8BC9CEB8-8B4A-11D0-8D11-00A0C91BC942}") = "fplist_test_plist", "fplist_test_plist\fplist_test_plist.vcproj", "{AAC31D89-60F5-4AD5-96C3-CE8D1B0A497F}"
	ProjectSection(ProjectDependencies) = postProject
		{87905E2F-9EFA-457B-8582-D2A90EB75B94} = {87905E2F-9EFA-457B-8582-D2A90EB75B94}
		{6390A14C-1ECA-448E-9111-4FDD994A1D97} = {6390A14C-1ECA-448E-9111-4FDD994A1D97}
		{38BAE173-27CE-4015-8089-850578B5BEE7} = {38BAE173-27CE-4015-8089-850578B5BEE7}
	EndProjectSection
EndProject
Project("{8BC9CEB8-8B4A-11D0-8D11-00A0C91BC942}") = "fplist_test_support", "fplist_test_support\fplist_test_support.vcproj", "{7E11EF61-BBB4-4B0F-A227-C135C5133827}"
	ProjectSection(ProjectDependencies) = postProject
		{87905E2F-9EFA-457B-8582-D2A90EB75B94} = {87905E2F-9EFA-457B-8582-D2A90EB75B94}
		{38BAE173-27CE-4015-8089-850578B5BEE7} = {38BAE173-27CE-4015-8089-850578B5BEE7}
	EndProjectSection
EndProject
Project("{8BC9CEB8-8B4A-11D0-8D11-00A0C91BC942}") = "libfplist", "libfplist\libfplist.vcproj", "{87905E2F-9EFA-457B-8582-D2A90EB75B94}"
	ProjectSection(ProjectDependencies) = postProject
		{38BAE173-27CE-4015-8089-850578B5BEE7} = {38BAE173-27CE-4015-8089-850578B5BEE7}
		{6390A14C-1ECA-448E-9111-4FDD994A1D97} = {6390A14C-1ECA-448E-9111-4FDD994A1D97}
		{F444DD24-9CC2-4066-ACD5-522F1F3BC126} = {F444DD24-9CC2-4066-ACD5-522F1F3BC126}
		{C9C74FEA-EF34-4E59-85C1-2891685EC5DA} = {C9C74FEA-EF34-4E59-85C1-2891685EC5DA}
		{76D40EC2-B2F7-4501-BB3F-74706B8048C0} = {76D40EC2-B2F7-4501-BB3F-74706B8048C0}
		{DAC2216D-15FB-44C7-B93C-2116E3D86A5D} = {DAC2216D-15FB-44C7-B93C-2116E3D86A5D}
		{06DE2FB7-357F-46B4-A69F-56FCE41AA1D8} = {06DE2FB7-357F-46B4-A69F-56FCE41AA1D8}
	EndProjectSection
EndProject
Project("{8BC9CEB8-8B4A-11D0-8D11-00A0C91BC942}") = "libcthreads", "libcthreads\libcthreads.vcproj", "{56235593-6E6D-45D3-B2E2-5DB30A548AA7}"
	ProjectSection(ProjectDependencies) = postProject
		{38BAE173-27CE-4015-8089-850578B5BEE7} = {38BAE173-27CE-4015-8089-850578B5BEE7}
		{6390A14C-1ECA-448E-9111-4FDD994A1D97} = {6390A14C-1ECA-448E-9111-4FDD994A1D97}
	EndProjectSection
EndProject
Project("{8BC9CEB8-8B4A-11D0-8D11-00A0C91BC942}") = "libcstring", "libcstring\libcstring.vcproj", "{38BAE173-27CE-4015-8089-850578B5BEE7}"
EndProject
Project("{8BC9CEB8-8B4A-11D0-8D11-00A0C91BC942}") = "libuna", "libuna\libuna.vcproj", "{76D40EC2-B2F7-4501-BB3F-74706B8048C0}"
	ProjectSection(ProjectDependencies) = postProject
		{38BAE173-27CE-4015-8089-850578B5BEE7} = {38BAE173-27CE-4015-8089-850578B5BEE7}
		{6390A14C-1ECA-448E-9111-4FDD994A1D97} = {6390A14C-1ECA-448E-9111-4FDD994A1D97}
	EndProjectSection
EndProject
Project("{8BC9CEB8-8B4A-11D0-8D11-00A0C91BC942}") = "libfvalue", "libfvalue\libfvalue.vcproj", "{06DE2FB7-357F-46B4-A69F-56FCE41AA1D8}"
	ProjectSection(ProjectDependencies) = postProject
		{38BAE173-27CE-4015-8089-850578B5BEE7} = {38BAE173-27CE-4015-8089-850578B5BEE7}
		{6390A14C-1ECA-448E-9111-4FDD994A1D97} = {6390A14C-1ECA-448E-9111-4FDD994A1D97}
		{F444DD24-9CC2-4066-ACD5-522F1F3BC126} = {F444DD24-9CC2-4066-ACD5-522F1F3BC126}
		{C9C74FEA-EF34-4E59-85C1-2891685EC5DA} = {C9C74FEA-EF34-4E59-85C1-2891685EC5DA}
		{76D40EC2-B2F7-4501-BB3F-74706B8048C0} = {76D40EC2-B2F7-4501-BB3F-74706B8048C0}
		{DAC2216D-15FB-44C7-B93C-2116E3D86A5D} = {DAC2216D-15FB-44C7-B93C-2116E3D86A5D}
	EndProjectSection
EndProject
Project("{8BC9CEB8-8B4A-11D0-8D11-00A0C91BC942}") = "libcerror", "libcerror\libcerror.vcproj", "{6390A14C-1ECA-448E-9111-4FDD994A1D97}"
	ProjectSection(ProjectDependencies) = postProject
		{38BAE173-27CE-4015-8089-850578B5BEE7} = {38BAE173-27CE-4015-8089-850578B5BEE7}
	EndProjectSection
EndProject
Project("{8BC9CEB8-8B4A-11D0-8D11-00A0C91BC942}") = "libcnotify", "libcnotify\libcnotify.vcproj", "{C9C74FEA-EF34-4E59-85C1-2891685EC5DA}"
	ProjectSection(ProjectDependencies) = postProject
		{38BAE173-27CE-4015-8089-850578B5BEE7} = {38BAE173-27CE-4015-8089-850578B5BEE7}
		{6390A14C-1ECA-448E-9111-4FDD994A1D97} = {6390A14C-1ECA-448E-9111-4FDD994A1D97}
	EndProjectSection
EndProject
Project("{8BC9CEB8-8B4A-11D0-8D11-00A0C91BC942}") = "libcdata", "libcdata\libcdata.vcproj", "{F444DD24-9CC2-4066-ACD5-522F1F3BC126}"
	ProjectSection(ProjectDependencies) = postProject
		{38BAE173-27CE-4015-8089-850578B5BEE7} = {38BAE173-27CE-4015-8089-850578B5BEE7}
		{6390A14C-1ECA-448E-9111-4FDD994A1D97} = {6390A14C-1ECA-448E-9111-4FDD994A1D97}
	EndProjectSection
EndProject
Global
	GlobalSection(SolutionConfigurationPlatforms) = preSolution
		Release|Win32 = Release|Win32
		VSDebug|Win32 = VSDebug|Win32
	EndGlobalSection
	GlobalSection(ProjectConfigurationPlatforms) = postSolution
		{DAC2216D-15FB-44C7-B93C-2116E3D86A5D}.Release|Win32.ActiveCfg = Release|Win32
		{DAC2216D-15FB-44C7-B93C-2116E3D86A5D}.Release|Win32.Build.0 = Release|Win32
		{DAC2216D-15FB-44C7-B93C-2116E3D86A5D}.VSDebug|Win32.ActiveCfg = VSDebug|Win32
		{DAC2216D-15FB-44C7-B93C-2116E3D86A5D}.VSDebug|Win32.Build.0 = VSDebug|Win32
		{32B7E047-7757-4268-9E40-C40F7DE1078C}.Release|Win32.ActiveCfg = Release|Win32
		{32B7E047-7757-4268-9E40-C40F7DE1078C}.Release|Win32.Build.0 = Release|Win32
		{32B7E047-7757-4268-9E40-C40F7DE1078C}.VSDebug|Win32.ActiveCfg = VSDebug|Win32
		{32B7E047-7757-4268-9E40-C40F7DE1078C}.VSDebug|Win32.Build.0 = VSDebug|Win32
		{F84C54BB-6C6A-4020-B1C6-548B37CB74B3}.Release|Win32.ActiveCfg = Release|Win32
		{F84C54BB-6C6A-4020-B1C6-548B37CB74B3}.Release|Win32.Build.0 = Release|Win32
		{F84C54BB-6C6A-4020-B1C6-548B37CB74B3}.VSDebug|Win32.ActiveCfg = VSDebug|Win32
		{F84C54BB-6C6A-4020-B1C6-548B37CB74B3}.VSDebug|Win32.Build.0 = VSDebug|Win32
		{AAC31D89-60F5-4AD5-96C3-CE8D1B0A497F}.Release|Win32.ActiveCfg = Release|Win32
		{AAC31D89-60F5-4AD5-96C3-CE8D1B0A497F}.Release|Win32.Build.0 = Release|Win32
		{AAC31D89-60F5-4AD5-96C3-CE8D1B0A497F}.VSDebug|Win32.ActiveCfg = VSDebug|Win32
		{AAC31D89-60F5-4AD5-96C3-CE8D1B0A497F}.VSDebug|Win32.Build.0 = VSDebug|Win32
		{7E11EF61-BBB4-4B0F-A227-C135C5133827}.Release|Win32.ActiveCfg = Release|Win32
		{7E11EF61-BBB4-4B0F-A227-C135C5133827}.Release|Win32.Build.0 = Release|Win32
		{7E11EF61-BBB4-4B0F-A227-C135C5133827}.VSDebug|Win32.ActiveCfg = VSDebug|Win32
		{7E11EF61-BBB4-4B0F-A227-C135C5133827}.VSDebug|Win32.Build.0 = VSDebug|Win32
		{87905E2F-9EFA-457B-8582-D2A90EB75B94}.Release|Win32.ActiveCfg = Release|Win32
		{87905E2F-9EFA-457B-8582-D2A90EB75B94}.Release|Win32.Build.0 = Release|Win32
		{87905E2F-9EFA-457B-8582-D2A90EB75B94}.VSDebug|Win32.ActiveCfg = VSDebug|Win32
		{87905E2F-9EFA-457B-8582-D2A90EB75B94}.VSDebug|Win32.Build.0 = VSDebug|Win32
		{56235593-6E6D-45D3-B2E2-5DB30A548AA7}.Release|Win32.ActiveCfg = Release|Win32
		{56235593-6E6D-45D3-B2E2-5DB30A548AA7}.Release|Win32.Build.0 = Release|Win32
		{56235593-6E6D-45D3-B2E2-5DB30A548AA7}.VSDebug|Win32.ActiveCfg = VSDebug|Win32
		{56235593-6E6D-45D3-B2E2-5DB30A548AA7}.VSDebug|Win32.Build.0 = VSDebug|Win32
		{38BAE173-27CE-4015-8089-850578B5BEE7}.Release|Win32.ActiveCfg = Release|Win32
		{38BAE173-27CE-4015-8089-850578B5BEE7}.Release|Win32.Build.0 = Release|Win32
		{38BAE173-27CE-4015-8089-850578B5BEE7}.VSDebug|Win32.ActiveCfg = VSDebug|Win32
		{38BAE173-27CE-4015-8089-850578B5BEE7}.VSDebug|Win32.Build.0 = VSDebug|Win32
		{76D40EC2-B2F7-4501-BB3F-74706B8048C0}.Release|Win32.ActiveCfg = Release|Win32
		{76D40EC2-B2F7-4501-BB3F-74706B8048C0}.Release|Win32.Build.0 = Release|Win32
		{76D40EC2-B2F7-4501-BB3F-74706B8048C0}.VSDebug|Win32.ActiveCfg = VSDebug|Win32
		{76D40EC2-B2F7-4501-BB3F-74706B8048C0}.VSDebug|Win32.Build.0 = VSDebug|Win32
		{06DE2FB7-357F-46B4-A69F-56FCE41AA1D8}.Release|Win32.ActiveCfg = Release|Win32
		{06DE2FB7-357F-46B4-A69F-56FCE41AA1D8}.Release|Win32.Build.0 = Release|Win32
		{06DE2FB7-357F-46B4-A69F-56FCE41AA1D8}.VSDebug|Win32.ActiveCfg = VSDebug|Win32
		{06DE2FB7-357F-46B4-A69F-56FCE41AA1D8}.VSDebug|Win32.Build.0 = VSDebug|Win32
		{6390A14C-1ECA-448E-9111-4FDD994A1D97}.Release|Win32.ActiveCfg = Release|Win32
		{6390A14C-1ECA-448E-9111-4FDD994A1D97}.Release|Win32.Build.0 = Release|Win32
		{6390A14C-1ECA-448E-9111-4FDD994A1D97}.VSDebug|Win32.ActiveCfg = VSDebug|Win32
		{6390A14C-1ECA-448E-9111-4FDD994A1D97}.VSDebug|Win32.Build.0 = VSDebug|Win32
		{C9C74FEA-EF34-4E59-85C1-2891685EC5DA}.Release|Win32.ActiveCfg = Release|Win32
		{C9C74FEA-EF34-4E59-85C1-2891685EC5DA}.Release|Win32.Build.0 = Release|Win32
		{C9C74FEA-EF34-4E59-85C1-2891685EC5DA}.VSDebug|Win32.ActiveCfg = VSDebug|Win32
		{C9C74FEA-EF34-4E59-85C1-2891685EC5DA}.VSDebug|Win32.Build.0 = VSDebug|Win32
		{F444DD24-9CC2-4066-ACD5-522F1F3BC126}.Release|Win32.ActiveCfg = Release|Win32
		{F444DD24-9CC2-4066-ACD5-522F1F3BC126}.Release|Win32.Build.0 = Release|Win32
		{F444DD24-9CC2-4066-ACD5-522F1F3BC126}.VSDebug|Win32.ActiveCfg = VSDebug|Win32
		{F444DD24-9CC2-4066-ACD5-522F1F3BC126}.VSDebug|Win32.Build.0 = VSDebug|Win32
	EndGlobalSection
	GlobalSection(SolutionProperties) = preSolution
		HideSolutionNode = FALSE
	EndGlobalSection
EndGlobal
