
Microsoft Visual Studio Solution File, Format Version 10.00
# Visual C++ Express 2008
Project("{8BC9CEB8-8B4A-11D0-8D11-00A0C91BC942}") = "fplist_test_error", "fplist_test_error\fplist_test_error.vcproj", "{32B7E047-7757-4268-9E40-C40F7DE1078C}"
	ProjectSection(ProjectDependencies) = postProject
		{87905E2F-9EFA-457B-8582-D2A90EB75B94} = {87905E2F-9EFA-457B-8582-D2A90EB75B94}
		{38BAE173-27CE-4015-8089-850578B5BEE7} = {38BAE173-27CE-4015-8089-850578B5BEE7}
	EndProjectSection
EndProject
Project("{8BC9CEB8-8B4A-11D0-8D11-00A0C91BC942}") = "fplist_test_key", "fplist_test_key\fplist_test_key.vcproj", "{F84C54BB-6C6A-4020-B1C6-548B37CB74B3}"
	ProjectSection(ProjectDependencies) = postProject
		{87905E2F-9EFA-457B-8582-D2A90EB75B94} = {87905E2F-9EFA-457B-8582-D2A90EB75B94}
		{6390A14C-1ECA-448E-9111-4FDD994A1D97} = {6390A14C-1ECA-448E-9111-4FDD994A1D97}
		{38BAE173-27CE-4015-8089-850578B5BEE7} = {38BAE173-27CE-4015-8089-850578B5BEE7}
	EndProjectSection
EndProject
Project("{8BC9CEB8-8B4A-11D0-8D11-00A0C91BC942}") = "fplist_test_support", "fplist_test_support\fplist_test_support.vcproj", "{7E11EF61-BBB4-4B0F-A227-C135C5133827}"
	ProjectSection(ProjectDependencies) = postProject
		{87905E2F-9EFA-457B-8582-D2A90EB75B94} = {87905E2F-9EFA-457B-8582-D2A90EB75B94}
		{38BAE173-27CE-4015-8089-850578B5BEE7} = {38BAE173-27CE-4015-8089-850578B5BEE7}
	EndProjectSection
EndProject
Project("{8BC9CEB8-8B4A-11D0-8D11-00A0C91BC942}") = "libfplist", "libfplist\libfplist.vcproj", "{87905E2F-9EFA-457B-8582-D2A90EB75B94}"
	ProjectSection(ProjectDependencies) = postProject
		{38BAE173-27CE-4015-8089-850578B5BEE7} = {38BAE173-27CE-4015-8089-850578B5BEE7}
		{6390A14C-1ECA-448E-9111-4FDD994A1D97} = {6390A14C-1ECA-448E-9111-4FDD994A1D97}
	EndProjectSection
EndProject
Project("{8BC9CEB8-8B4A-11D0-8D11-00A0C91BC942}") = "libcstring", "libcstring\libcstring.vcproj", "{38BAE173-27CE-4015-8089-850578B5BEE7}"
EndProject
Project("{8BC9CEB8-8B4A-11D0-8D11-00A0C91BC942}") = "libcerror", "libcerror\libcerror.vcproj", "{6390A14C-1ECA-448E-9111-4FDD994A1D97}"
	ProjectSection(ProjectDependencies) = postProject
		{38BAE173-27CE-4015-8089-850578B5BEE7} = {38BAE173-27CE-4015-8089-850578B5BEE7}
	EndProjectSection
EndProject
Global
	GlobalSection(SolutionConfigurationPlatforms) = preSolution
		Release|Win32 = Release|Win32
		VSDebug|Win32 = VSDebug|Win32
	EndGlobalSection
	GlobalSection(ProjectConfigurationPlatforms) = postSolution
		{32B7E047-7757-4268-9E40-C40F7DE1078C}.Release|Win32.ActiveCfg = Release|Win32
		{32B7E047-7757-4268-9E40-C40F7DE1078C}.Release|Win32.Build.0 = Release|Win32
		{32B7E047-7757-4268-9E40-C40F7DE1078C}.VSDebug|Win32.ActiveCfg = VSDebug|Win32
		{32B7E047-7757-4268-9E40-C40F7DE1078C}.VSDebug|Win32.Build.0 = VSDebug|Win32
		{F84C54BB-6C6A-4020-B1C6-548B37CB74B3}.Release|Win32.ActiveCfg = Release|Win32
		{F84C54BB-6C6A-4020-B1C6-548B37CB74B3}.Release|Win32.Build.0 = Release|Win32
		{F84C54BB-6C6A-4020-B1C6-548B37CB74B3}.VSDebug|Win32.ActiveCfg = VSDebug|Win32
		{F84C54BB-6C6A-4020-B1C6-548B37CB74B3}.VSDebug|Win32.Build.0 = VSDebug|Win32
		{7E11EF61-BBB4-4B0F-A227-C135C5133827}.Release|Win32.ActiveCfg = Release|Win32
		{7E11EF61-BBB4-4B0F-A227-C135C5133827}.Release|Win32.Build.0 = Release|Win32
		{7E11EF61-BBB4-4B0F-A227-C135C5133827}.VSDebug|Win32.ActiveCfg = VSDebug|Win32
		{7E11EF61-BBB4-4B0F-A227-C135C5133827}.VSDebug|Win32.Build.0 = VSDebug|Win32
		{87905E2F-9EFA-457B-8582-D2A90EB75B94}.Release|Win32.ActiveCfg = Release|Win32
		{87905E2F-9EFA-457B-8582-D2A90EB75B94}.Release|Win32.Build.0 = Release|Win32
		{87905E2F-9EFA-457B-8582-D2A90EB75B94}.VSDebug|Win32.ActiveCfg = VSDebug|Win32
		{87905E2F-9EFA-457B-8582-D2A90EB75B94}.VSDebug|Win32.Build.0 = VSDebug|Win32
		{38BAE173-27CE-4015-8089-850578B5BEE7}.Release|Win32.ActiveCfg = Release|Win32
		{38BAE173-27CE-4015-8089-850578B5BEE7}.Release|Win32.Build.0 = Release|Win32
		{38BAE173-27CE-4015-8089-850578B5BEE7}.VSDebug|Win32.ActiveCfg = VSDebug|Win32
		{38BAE173-27CE-4015-8089-850578B5BEE7}.VSDebug|Win32.Build.0 = VSDebug|Win32
		{6390A14C-1ECA-448E-9111-4FDD994A1D97}.Release|Win32.ActiveCfg = Release|Win32
		{6390A14C-1ECA-448E-9111-4FDD994A1D97}.Release|Win32.Build.0 = Release|Win32
		{6390A14C-1ECA-448E-9111-4FDD994A1D97}.VSDebug|Win32.ActiveCfg = VSDebug|Win32
		{6390A14C-1ECA-448E-9111-4FDD994A1D97}.VSDebug|Win32.Build.0 = VSDebug|Win32
	EndGlobalSection
	GlobalSection(SolutionProperties) = preSolution
		HideSolutionNode = FALSE
	EndGlobalSection
EndGlobal
